
Microsoft Visual Studio Solution File, Format Version 12.00
# Visual Studio 2012
Project("{FAE04EC0-301F-11D3-BF4B-00C04F79EFBC}") = "STLBrewReviewMobile", "STLBrewReviewMobile.csproj", "{7B3A6205-27DB-48B2-8576-D5C4A46070D2}"
EndProject
Project("{FAE04EC0-301F-11D3-BF4B-00C04F79EFBC}") = "STLBrewReviewMobile.iOS", "iOS\STLBrewReviewMobile.iOS.csproj", "{892FE74D-6E5C-47DD-A3F8-4062F0F48F2C}"
EndProject
Project("{FAE04EC0-301F-11D3-BF4B-00C04F79EFBC}") = "STLBrewReviewMobile.Android", "Android\STLBrewReviewMobile.Android.csproj", "{8CDCBBC7-9CAE-4014-8FCE-DA9A7F36F9E1}"
EndProject
Global
	GlobalSection(SolutionConfigurationPlatforms) = preSolution
		Debug|Any CPU = Debug|Any CPU
		Release|Any CPU = Release|Any CPU
		Debug|iPhoneSimulator = Debug|iPhoneSimulator
		Release|iPhoneSimulator = Release|iPhoneSimulator
		Debug|iPhone = Debug|iPhone
		Release|iPhone = Release|iPhone
		Ad-Hoc|iPhone = Ad-Hoc|iPhone
		AppStore|iPhone = AppStore|iPhone
	EndGlobalSection
	GlobalSection(ProjectConfigurationPlatforms) = postSolution
		{7B3A6205-27DB-48B2-8576-D5C4A46070D2}.Ad-Hoc|iPhone.ActiveCfg = Debug|Any CPU
		{7B3A6205-27DB-48B2-8576-D5C4A46070D2}.Ad-Hoc|iPhone.Build.0 = Debug|Any CPU
		{7B3A6205-27DB-48B2-8576-D5C4A46070D2}.AppStore|iPhone.ActiveCfg = Debug|Any CPU
		{7B3A6205-27DB-48B2-8576-D5C4A46070D2}.AppStore|iPhone.Build.0 = Debug|Any CPU
		{7B3A6205-27DB-48B2-8576-D5C4A46070D2}.Debug|Any CPU.ActiveCfg = Debug|Any CPU
		{7B3A6205-27DB-48B2-8576-D5C4A46070D2}.Debug|Any CPU.Build.0 = Debug|Any CPU
		{7B3A6205-27DB-48B2-8576-D5C4A46070D2}.Debug|iPhone.ActiveCfg = Debug|Any CPU
		{7B3A6205-27DB-48B2-8576-D5C4A46070D2}.Debug|iPhone.Build.0 = Debug|Any CPU
		{7B3A6205-27DB-48B2-8576-D5C4A46070D2}.Debug|iPhoneSimulator.ActiveCfg = Debug|Any CPU
		{7B3A6205-27DB-48B2-8576-D5C4A46070D2}.Debug|iPhoneSimulator.Build.0 = Debug|Any CPU
		{7B3A6205-27DB-48B2-8576-D5C4A46070D2}.Release|Any CPU.ActiveCfg = Release|Any CPU
		{7B3A6205-27DB-48B2-8576-D5C4A46070D2}.Release|Any CPU.Build.0 = Release|Any CPU
		{7B3A6205-27DB-48B2-8576-D5C4A46070D2}.Release|iPhone.ActiveCfg = Release|Any CPU
		{7B3A6205-27DB-48B2-8576-D5C4A46070D2}.Release|iPhone.Build.0 = Release|Any CPU
		{7B3A6205-27DB-48B2-8576-D5C4A46070D2}.Release|iPhoneSimulator.ActiveCfg = Release|Any CPU
		{7B3A6205-27DB-48B2-8576-D5C4A46070D2}.Release|iPhoneSimulator.Build.0 = Release|Any CPU
		{892FE74D-6E5C-47DD-A3F8-4062F0F48F2C}.Ad-Hoc|iPhone.ActiveCfg = Ad-Hoc|iPhone
		{892FE74D-6E5C-47DD-A3F8-4062F0F48F2C}.Ad-Hoc|iPhone.Build.0 = Ad-Hoc|iPhone
		{892FE74D-6E5C-47DD-A3F8-4062F0F48F2C}.AppStore|iPhone.ActiveCfg = AppStore|iPhone
		{892FE74D-6E5C-47DD-A3F8-4062F0F48F2C}.AppStore|iPhone.Build.0 = AppStore|iPhone
		{892FE74D-6E5C-47DD-A3F8-4062F0F48F2C}.Debug|Any CPU.ActiveCfg = Debug|iPhoneSimulator
		{892FE74D-6E5C-47DD-A3F8-4062F0F48F2C}.Debug|Any CPU.Build.0 = Debug|iPhoneSimulator
		{892FE74D-6E5C-47DD-A3F8-4062F0F48F2C}.Debug|iPhone.ActiveCfg = Debug|iPhone
		{892FE74D-6E5C-47DD-A3F8-4062F0F48F2C}.Debug|iPhone.Build.0 = Debug|iPhone
		{892FE74D-6E5C-47DD-A3F8-4062F0F48F2C}.Debug|iPhoneSimulator.ActiveCfg = Debug|iPhoneSimulator
		{892FE74D-6E5C-47DD-A3F8-4062F0F48F2C}.Debug|iPhoneSimulator.Build.0 = Debug|iPhoneSimulator
		{892FE74D-6E5C-47DD-A3F8-4062F0F48F2C}.Release|Any CPU.ActiveCfg = Release|iPhoneSimulator
		{892FE74D-6E5C-47DD-A3F8-4062F0F48F2C}.Release|Any CPU.Build.0 = Release|iPhoneSimulator
		{892FE74D-6E5C-47DD-A3F8-4062F0F48F2C}.Release|iPhone.ActiveCfg = Release|iPhone
		{892FE74D-6E5C-47DD-A3F8-4062F0F48F2C}.Release|iPhone.Build.0 = Release|iPhone
		{892FE74D-6E5C-47DD-A3F8-4062F0F48F2C}.Release|iPhoneSimulator.ActiveCfg = Release|iPhoneSimulator
		{892FE74D-6E5C-47DD-A3F8-4062F0F48F2C}.Release|iPhoneSimulator.Build.0 = Release|iPhoneSimulator
		{8CDCBBC7-9CAE-4014-8FCE-DA9A7F36F9E1}.Ad-Hoc|iPhone.ActiveCfg = Debug|Any CPU
		{8CDCBBC7-9CAE-4014-8FCE-DA9A7F36F9E1}.Ad-Hoc|iPhone.Build.0 = Debug|Any CPU
		{8CDCBBC7-9CAE-4014-8FCE-DA9A7F36F9E1}.AppStore|iPhone.ActiveCfg = Debug|Any CPU
		{8CDCBBC7-9CAE-4014-8FCE-DA9A7F36F9E1}.AppStore|iPhone.Build.0 = Debug|Any CPU
		{8CDCBBC7-9CAE-4014-8FCE-DA9A7F36F9E1}.Debug|Any CPU.ActiveCfg = Debug|Any CPU
		{8CDCBBC7-9CAE-4014-8FCE-DA9A7F36F9E1}.Debug|Any CPU.Build.0 = Debug|Any CPU
		{8CDCBBC7-9CAE-4014-8FCE-DA9A7F36F9E1}.Debug|iPhone.ActiveCfg = Debug|Any CPU
		{8CDCBBC7-9CAE-4014-8FCE-DA9A7F36F9E1}.Debug|iPhone.Build.0 = Debug|Any CPU
		{8CDCBBC7-9CAE-4014-8FCE-DA9A7F36F9E1}.Debug|iPhoneSimulator.ActiveCfg = Debug|Any CPU
		{8CDCBBC7-9CAE-4014-8FCE-DA9A7F36F9E1}.Debug|iPhoneSimulator.Build.0 = Debug|Any CPU
		{8CDCBBC7-9CAE-4014-8FCE-DA9A7F36F9E1}.Release|Any CPU.ActiveCfg = Release|Any CPU
		{8CDCBBC7-9CAE-4014-8FCE-DA9A7F36F9E1}.Release|Any CPU.Build.0 = Release|Any CPU
		{8CDCBBC7-9CAE-4014-8FCE-DA9A7F36F9E1}.Release|iPhone.ActiveCfg = Release|Any CPU
		{8CDCBBC7-9CAE-4014-8FCE-DA9A7F36F9E1}.Release|iPhone.Build.0 = Release|Any CPU
		{8CDCBBC7-9CAE-4014-8FCE-DA9A7F36F9E1}.Release|iPhoneSimulator.ActiveCfg = Release|Any CPU
		{8CDCBBC7-9CAE-4014-8FCE-DA9A7F36F9E1}.Release|iPhoneSimulator.Build.0 = Release|Any CPU
	EndGlobalSection
	GlobalSection(MonoDevelopProperties) = preSolution
		StartupItem = iOS\STLBrewReviewMobile.iOS.csproj
	EndGlobalSection
EndGlobal
